// !$*UTF8*$!
{
	archiveVersion = 1;
	classes = {
	};
	objectVersion = 56;
	objects = {

/* Begin PBXBuildFile section */
		D62D0F552C7AEDFE00E8575E /* Data.swift in Sources */ = {isa = PBXBuildFile; fileRef = D62D0F542C7AEDFE00E8575E /* Data.swift */; };
		D62D0F582C7B1DF900E8575E /* Form.swift in Sources */ = {isa = PBXBuildFile; fileRef = D62D0F572C7B1DF900E8575E /* Form.swift */; };
		D62D0F5C2C7B374600E8575E /* DreamsForm.swift in Sources */ = {isa = PBXBuildFile; fileRef = D62D0F5B2C7B374500E8575E /* DreamsForm.swift */; };
		D642C92E2C75E0B100EF7FDB /* Dreams.swift in Sources */ = {isa = PBXBuildFile; fileRef = D642C92D2C75E0B100EF7FDB /* Dreams.swift */; };
		D6B5B7442C719D2C0076AC10 /* MoneyApp.swift in Sources */ = {isa = PBXBuildFile; fileRef = D6B5B7432C719D2C0076AC10 /* MoneyApp.swift */; };
		D6B5B7462C719D2C0076AC10 /* ContentView.swift in Sources */ = {isa = PBXBuildFile; fileRef = D6B5B7452C719D2C0076AC10 /* ContentView.swift */; };
		D6B5B7482C719D2C0076AC10 /* Assets.xcassets in Resources */ = {isa = PBXBuildFile; fileRef = D6B5B7472C719D2C0076AC10 /* Assets.xcassets */; };
		D6B5B74B2C719D2C0076AC10 /* Preview Assets.xcassets in Resources */ = {isa = PBXBuildFile; fileRef = D6B5B74A2C719D2C0076AC10 /* Preview Assets.xcassets */; };
		D6B5B7562C719D2D0076AC10 /* MoneyTests.swift in Sources */ = {isa = PBXBuildFile; fileRef = D6B5B7552C719D2D0076AC10 /* MoneyTests.swift */; };
		D6B5B7602C719D2D0076AC10 /* MoneyUITests.swift in Sources */ = {isa = PBXBuildFile; fileRef = D6B5B75F2C719D2D0076AC10 /* MoneyUITests.swift */; };
		D6B5B7622C719D2D0076AC10 /* MoneyUITestsLaunchTests.swift in Sources */ = {isa = PBXBuildFile; fileRef = D6B5B7612C719D2D0076AC10 /* MoneyUITestsLaunchTests.swift */; };
		D6B5B76F2C722B610076AC10 /* AppDelegate.swift in Sources */ = {isa = PBXBuildFile; fileRef = D6B5B76E2C722B610076AC10 /* AppDelegate.swift */; };
		D6B5B7712C722B9C0076AC10 /* StatusBarManager.swift in Sources */ = {isa = PBXBuildFile; fileRef = D6B5B7702C722B9C0076AC10 /* StatusBarManager.swift */; };
		D6B5B7732C722BBE0076AC10 /* PersistenceManager.swift in Sources */ = {isa = PBXBuildFile; fileRef = D6B5B7722C722BBE0076AC10 /* PersistenceManager.swift */; };
/* End PBXBuildFile section */

/* Begin PBXContainerItemProxy section */
		D6B5B7522C719D2D0076AC10 /* PBXContainerItemProxy */ = {
			isa = PBXContainerItemProxy;
			containerPortal = D6B5B7382C719D2C0076AC10 /* Project object */;
			proxyType = 1;
			remoteGlobalIDString = D6B5B73F2C719D2C0076AC10;
			remoteInfo = Money;
		};
		D6B5B75C2C719D2D0076AC10 /* PBXContainerItemProxy */ = {
			isa = PBXContainerItemProxy;
			containerPortal = D6B5B7382C719D2C0076AC10 /* Project object */;
			proxyType = 1;
			remoteGlobalIDString = D6B5B73F2C719D2C0076AC10;
			remoteInfo = Money;
		};
/* End PBXContainerItemProxy section */

/* Begin PBXFileReference section */
		D62D0F542C7AEDFE00E8575E /* Data.swift */ = {isa = PBXFileReference; lastKnownFileType = sourcecode.swift; path = Data.swift; sourceTree = "<group>"; };
		D62D0F572C7B1DF900E8575E /* Form.swift */ = {isa = PBXFileReference; lastKnownFileType = sourcecode.swift; path = Form.swift; sourceTree = "<group>"; };
		D62D0F5B2C7B374500E8575E /* DreamsForm.swift */ = {isa = PBXFileReference; fileEncoding = 4; lastKnownFileType = sourcecode.swift; path = DreamsForm.swift; sourceTree = "<group>"; };
		D642C92D2C75E0B100EF7FDB /* Dreams.swift */ = {isa = PBXFileReference; lastKnownFileType = sourcecode.swift; path = Dreams.swift; sourceTree = "<group>"; };
		D6B5B7402C719D2C0076AC10 /* Money.app */ = {isa = PBXFileReference; explicitFileType = wrapper.application; includeInIndex = 0; path = Money.app; sourceTree = BUILT_PRODUCTS_DIR; };
		D6B5B7432C719D2C0076AC10 /* MoneyApp.swift */ = {isa = PBXFileReference; lastKnownFileType = sourcecode.swift; path = MoneyApp.swift; sourceTree = "<group>"; };
		D6B5B7452C719D2C0076AC10 /* ContentView.swift */ = {isa = PBXFileReference; lastKnownFileType = sourcecode.swift; path = ContentView.swift; sourceTree = "<group>"; };
		D6B5B7472C719D2C0076AC10 /* Assets.xcassets */ = {isa = PBXFileReference; lastKnownFileType = folder.assetcatalog; path = Assets.xcassets; sourceTree = "<group>"; };
		D6B5B74A2C719D2C0076AC10 /* Preview Assets.xcassets */ = {isa = PBXFileReference; lastKnownFileType = folder.assetcatalog; path = "Preview Assets.xcassets"; sourceTree = "<group>"; };
		D6B5B74C2C719D2C0076AC10 /* Money.entitlements */ = {isa = PBXFileReference; lastKnownFileType = text.plist.entitlements; path = Money.entitlements; sourceTree = "<group>"; };
		D6B5B7512C719D2D0076AC10 /* MoneyTests.xctest */ = {isa = PBXFileReference; explicitFileType = wrapper.cfbundle; includeInIndex = 0; path = MoneyTests.xctest; sourceTree = BUILT_PRODUCTS_DIR; };
		D6B5B7552C719D2D0076AC10 /* MoneyTests.swift */ = {isa = PBXFileReference; lastKnownFileType = sourcecode.swift; path = MoneyTests.swift; sourceTree = "<group>"; };
		D6B5B75B2C719D2D0076AC10 /* MoneyUITests.xctest */ = {isa = PBXFileReference; explicitFileType = wrapper.cfbundle; includeInIndex = 0; path = MoneyUITests.xctest; sourceTree = BUILT_PRODUCTS_DIR; };
		D6B5B75F2C719D2D0076AC10 /* MoneyUITests.swift */ = {isa = PBXFileReference; lastKnownFileType = sourcecode.swift; path = MoneyUITests.swift; sourceTree = "<group>"; };
		D6B5B7612C719D2D0076AC10 /* MoneyUITestsLaunchTests.swift */ = {isa = PBXFileReference; lastKnownFileType = sourcecode.swift; path = MoneyUITestsLaunchTests.swift; sourceTree = "<group>"; };
		D6B5B76E2C722B610076AC10 /* AppDelegate.swift */ = {isa = PBXFileReference; lastKnownFileType = sourcecode.swift; path = AppDelegate.swift; sourceTree = "<group>"; };
		D6B5B7702C722B9C0076AC10 /* StatusBarManager.swift */ = {isa = PBXFileReference; lastKnownFileType = sourcecode.swift; path = StatusBarManager.swift; sourceTree = "<group>"; };
		D6B5B7722C722BBE0076AC10 /* PersistenceManager.swift */ = {isa = PBXFileReference; lastKnownFileType = sourcecode.swift; path = PersistenceManager.swift; sourceTree = "<group>"; };
/* End PBXFileReference section */

/* Begin PBXFrameworksBuildPhase section */
		D6B5B73D2C719D2C0076AC10 /* Frameworks */ = {
			isa = PBXFrameworksBuildPhase;
			buildActionMask = 2147483647;
			files = (
			);
			runOnlyForDeploymentPostprocessing = 0;
		};
		D6B5B74E2C719D2D0076AC10 /* Frameworks */ = {
			isa = PBXFrameworksBuildPhase;
			buildActionMask = 2147483647;
			files = (
			);
			runOnlyForDeploymentPostprocessing = 0;
		};
		D6B5B7582C719D2D0076AC10 /* Frameworks */ = {
			isa = PBXFrameworksBuildPhase;
			buildActionMask = 2147483647;
			files = (
			);
			runOnlyForDeploymentPostprocessing = 0;
		};
/* End PBXFrameworksBuildPhase section */

/* Begin PBXGroup section */
		D62D0F562C7AEE0A00E8575E /* Views */ = {
			isa = PBXGroup;
			children = (
				D62D0F572C7B1DF900E8575E /* Form.swift */,
				D62D0F5B2C7B374500E8575E /* DreamsForm.swift */,
			);
			path = Views;
			sourceTree = "<group>";
		};
		D642C92C2C75E09800EF7FDB /* Models */ = {
			isa = PBXGroup;
			children = (
				D642C92D2C75E0B100EF7FDB /* Dreams.swift */,
				D62D0F542C7AEDFE00E8575E /* Data.swift */,
			);
			path = Models;
			sourceTree = "<group>";
		};
		D6B5B7372C719D2C0076AC10 = {
			isa = PBXGroup;
			children = (
				D6B5B7422C719D2C0076AC10 /* Money */,
				D6B5B7542C719D2D0076AC10 /* MoneyTests */,
				D6B5B75E2C719D2D0076AC10 /* MoneyUITests */,
				D6B5B7412C719D2C0076AC10 /* Products */,
			);
			sourceTree = "<group>";
		};
		D6B5B7412C719D2C0076AC10 /* Products */ = {
			isa = PBXGroup;
			children = (
				D6B5B7402C719D2C0076AC10 /* Money.app */,
				D6B5B7512C719D2D0076AC10 /* MoneyTests.xctest */,
				D6B5B75B2C719D2D0076AC10 /* MoneyUITests.xctest */,
			);
			name = Products;
			sourceTree = "<group>";
		};
		D6B5B7422C719D2C0076AC10 /* Money */ = {
			isa = PBXGroup;
			children = (
				D62D0F562C7AEE0A00E8575E /* Views */,
				D642C92C2C75E09800EF7FDB /* Models */,
				D6B5B7432C719D2C0076AC10 /* MoneyApp.swift */,
				D6B5B7452C719D2C0076AC10 /* ContentView.swift */,
				D6B5B7702C722B9C0076AC10 /* StatusBarManager.swift */,
				D6B5B7722C722BBE0076AC10 /* PersistenceManager.swift */,
				D6B5B76E2C722B610076AC10 /* AppDelegate.swift */,
				D6B5B7472C719D2C0076AC10 /* Assets.xcassets */,
				D6B5B74C2C719D2C0076AC10 /* Money.entitlements */,
				D6B5B7492C719D2C0076AC10 /* Preview Content */,
			);
			path = Money;
			sourceTree = "<group>";
		};
		D6B5B7492C719D2C0076AC10 /* Preview Content */ = {
			isa = PBXGroup;
			children = (
				D6B5B74A2C719D2C0076AC10 /* Preview Assets.xcassets */,
			);
			path = "Preview Content";
			sourceTree = "<group>";
		};
		D6B5B7542C719D2D0076AC10 /* MoneyTests */ = {
			isa = PBXGroup;
			children = (
				D6B5B7552C719D2D0076AC10 /* MoneyTests.swift */,
			);
			path = MoneyTests;
			sourceTree = "<group>";
		};
		D6B5B75E2C719D2D0076AC10 /* MoneyUITests */ = {
			isa = PBXGroup;
			children = (
				D6B5B75F2C719D2D0076AC10 /* MoneyUITests.swift */,
				D6B5B7612C719D2D0076AC10 /* MoneyUITestsLaunchTests.swift */,
			);
			path = MoneyUITests;
			sourceTree = "<group>";
		};
/* End PBXGroup section */

/* Begin PBXNativeTarget section */
		D6B5B73F2C719D2C0076AC10 /* Money */ = {
			isa = PBXNativeTarget;
			buildConfigurationList = D6B5B7652C719D2D0076AC10 /* Build configuration list for PBXNativeTarget "Money" */;
			buildPhases = (
				D6B5B73C2C719D2C0076AC10 /* Sources */,
				D6B5B73D2C719D2C0076AC10 /* Frameworks */,
				D6B5B73E2C719D2C0076AC10 /* Resources */,
			);
			buildRules = (
			);
			dependencies = (
			);
			name = Money;
			productName = Money;
			productReference = D6B5B7402C719D2C0076AC10 /* Money.app */;
			productType = "com.apple.product-type.application";
		};
		D6B5B7502C719D2D0076AC10 /* MoneyTests */ = {
			isa = PBXNativeTarget;
			buildConfigurationList = D6B5B7682C719D2D0076AC10 /* Build configuration list for PBXNativeTarget "MoneyTests" */;
			buildPhases = (
				D6B5B74D2C719D2D0076AC10 /* Sources */,
				D6B5B74E2C719D2D0076AC10 /* Frameworks */,
				D6B5B74F2C719D2D0076AC10 /* Resources */,
			);
			buildRules = (
			);
			dependencies = (
				D6B5B7532C719D2D0076AC10 /* PBXTargetDependency */,
			);
			name = MoneyTests;
			productName = MoneyTests;
			productReference = D6B5B7512C719D2D0076AC10 /* MoneyTests.xctest */;
			productType = "com.apple.product-type.bundle.unit-test";
		};
		D6B5B75A2C719D2D0076AC10 /* MoneyUITests */ = {
			isa = PBXNativeTarget;
			buildConfigurationList = D6B5B76B2C719D2D0076AC10 /* Build configuration list for PBXNativeTarget "MoneyUITests" */;
			buildPhases = (
				D6B5B7572C719D2D0076AC10 /* Sources */,
				D6B5B7582C719D2D0076AC10 /* Frameworks */,
				D6B5B7592C719D2D0076AC10 /* Resources */,
			);
			buildRules = (
			);
			dependencies = (
				D6B5B75D2C719D2D0076AC10 /* PBXTargetDependency */,
			);
			name = MoneyUITests;
			productName = MoneyUITests;
			productReference = D6B5B75B2C719D2D0076AC10 /* MoneyUITests.xctest */;
			productType = "com.apple.product-type.bundle.ui-testing";
		};
/* End PBXNativeTarget section */

/* Begin PBXProject section */
		D6B5B7382C719D2C0076AC10 /* Project object */ = {
			isa = PBXProject;
			attributes = {
				BuildIndependentTargetsInParallel = 1;
				LastSwiftUpdateCheck = 1540;
				LastUpgradeCheck = 1540;
				TargetAttributes = {
					D6B5B73F2C719D2C0076AC10 = {
						CreatedOnToolsVersion = 15.4;
					};
					D6B5B7502C719D2D0076AC10 = {
						CreatedOnToolsVersion = 15.4;
						TestTargetID = D6B5B73F2C719D2C0076AC10;
					};
					D6B5B75A2C719D2D0076AC10 = {
						CreatedOnToolsVersion = 15.4;
						TestTargetID = D6B5B73F2C719D2C0076AC10;
					};
				};
			};
			buildConfigurationList = D6B5B73B2C719D2C0076AC10 /* Build configuration list for PBXProject "Money" */;
			compatibilityVersion = "Xcode 14.0";
			developmentRegion = en;
			hasScannedForEncodings = 0;
			knownRegions = (
				en,
				Base,
			);
			mainGroup = D6B5B7372C719D2C0076AC10;
			productRefGroup = D6B5B7412C719D2C0076AC10 /* Products */;
			projectDirPath = "";
			projectRoot = "";
			targets = (
				D6B5B73F2C719D2C0076AC10 /* Money */,
				D6B5B7502C719D2D0076AC10 /* MoneyTests */,
				D6B5B75A2C719D2D0076AC10 /* MoneyUITests */,
			);
		};
/* End PBXProject section */

/* Begin PBXResourcesBuildPhase section */
		D6B5B73E2C719D2C0076AC10 /* Resources */ = {
			isa = PBXResourcesBuildPhase;
			buildActionMask = 2147483647;
			files = (
				D6B5B74B2C719D2C0076AC10 /* Preview Assets.xcassets in Resources */,
				D6B5B7482C719D2C0076AC10 /* Assets.xcassets in Resources */,
			);
			runOnlyForDeploymentPostprocessing = 0;
		};
		D6B5B74F2C719D2D0076AC10 /* Resources */ = {
			isa = PBXResourcesBuildPhase;
			buildActionMask = 2147483647;
			files = (
			);
			runOnlyForDeploymentPostprocessing = 0;
		};
		D6B5B7592C719D2D0076AC10 /* Resources */ = {
			isa = PBXResourcesBuildPhase;
			buildActionMask = 2147483647;
			files = (
			);
			runOnlyForDeploymentPostprocessing = 0;
		};
/* End PBXResourcesBuildPhase section */

/* Begin PBXSourcesBuildPhase section */
		D6B5B73C2C719D2C0076AC10 /* Sources */ = {
			isa = PBXSourcesBuildPhase;
			buildActionMask = 2147483647;
			files = (
				D62D0F552C7AEDFE00E8575E /* Data.swift in Sources */,
				D62D0F582C7B1DF900E8575E /* Form.swift in Sources */,
				D6B5B76F2C722B610076AC10 /* AppDelegate.swift in Sources */,
				D6B5B7732C722BBE0076AC10 /* PersistenceManager.swift in Sources */,
				D6B5B7712C722B9C0076AC10 /* StatusBarManager.swift in Sources */,
				D642C92E2C75E0B100EF7FDB /* Dreams.swift in Sources */,
				D6B5B7462C719D2C0076AC10 /* ContentView.swift in Sources */,
				D6B5B7442C719D2C0076AC10 /* MoneyApp.swift in Sources */,
				D62D0F5C2C7B374600E8575E /* DreamsForm.swift in Sources */,
			);
			runOnlyForDeploymentPostprocessing = 0;
		};
		D6B5B74D2C719D2D0076AC10 /* Sources */ = {
			isa = PBXSourcesBuildPhase;
			buildActionMask = 2147483647;
			files = (
				D6B5B7562C719D2D0076AC10 /* MoneyTests.swift in Sources */,
			);
			runOnlyForDeploymentPostprocessing = 0;
		};
		D6B5B7572C719D2D0076AC10 /* Sources */ = {
			isa = PBXSourcesBuildPhase;
			buildActionMask = 2147483647;
			files = (
				D6B5B7602C719D2D0076AC10 /* MoneyUITests.swift in Sources */,
				D6B5B7622C719D2D0076AC10 /* MoneyUITestsLaunchTests.swift in Sources */,
			);
			runOnlyForDeploymentPostprocessing = 0;
		};
/* End PBXSourcesBuildPhase section */

/* Begin PBXTargetDependency section */
		D6B5B7532C719D2D0076AC10 /* PBXTargetDependency */ = {
			isa = PBXTargetDependency;
			target = D6B5B73F2C719D2C0076AC10 /* Money */;
			targetProxy = D6B5B7522C719D2D0076AC10 /* PBXContainerItemProxy */;
		};
		D6B5B75D2C719D2D0076AC10 /* PBXTargetDependency */ = {
			isa = PBXTargetDependency;
			target = D6B5B73F2C719D2C0076AC10 /* Money */;
			targetProxy = D6B5B75C2C719D2D0076AC10 /* PBXContainerItemProxy */;
		};
/* End PBXTargetDependency section */

/* Begin XCBuildConfiguration section */
		D6B5B7632C719D2D0076AC10 /* Debug */ = {
			isa = XCBuildConfiguration;
			buildSettings = {
				ALWAYS_SEARCH_USER_PATHS = NO;
				ASSETCATALOG_COMPILER_GENERATE_SWIFT_ASSET_SYMBOL_EXTENSIONS = YES;
				CLANG_ANALYZER_NONNULL = YES;
				CLANG_ANALYZER_NUMBER_OBJECT_CONVERSION = YES_AGGRESSIVE;
				CLANG_CXX_LANGUAGE_STANDARD = "gnu++20";
				CLANG_ENABLE_MODULES = YES;
				CLANG_ENABLE_OBJC_ARC = YES;
				CLANG_ENABLE_OBJC_WEAK = YES;
				CLANG_WARN_BLOCK_CAPTURE_AUTORELEASING = YES;
				CLANG_WARN_BOOL_CONVERSION = YES;
				CLANG_WARN_COMMA = YES;
				CLANG_WARN_CONSTANT_CONVERSION = YES;
				CLANG_WARN_DEPRECATED_OBJC_IMPLEMENTATIONS = YES;
				CLANG_WARN_DIRECT_OBJC_ISA_USAGE = YES_ERROR;
				CLANG_WARN_DOCUMENTATION_COMMENTS = YES;
				CLANG_WARN_EMPTY_BODY = YES;
				CLANG_WARN_ENUM_CONVERSION = YES;
				CLANG_WARN_INFINITE_RECURSION = YES;
				CLANG_WARN_INT_CONVERSION = YES;
				CLANG_WARN_NON_LITERAL_NULL_CONVERSION = YES;
				CLANG_WARN_OBJC_IMPLICIT_RETAIN_SELF = YES;
				CLANG_WARN_OBJC_LITERAL_CONVERSION = YES;
				CLANG_WARN_OBJC_ROOT_CLASS = YES_ERROR;
				CLANG_WARN_QUOTED_INCLUDE_IN_FRAMEWORK_HEADER = YES;
				CLANG_WARN_RANGE_LOOP_ANALYSIS = YES;
				CLANG_WARN_STRICT_PROTOTYPES = YES;
				CLANG_WARN_SUSPICIOUS_MOVE = YES;
				CLANG_WARN_UNGUARDED_AVAILABILITY = YES_AGGRESSIVE;
				CLANG_WARN_UNREACHABLE_CODE = YES;
				CLANG_WARN__DUPLICATE_METHOD_MATCH = YES;
				COPY_PHASE_STRIP = NO;
				DEBUG_INFORMATION_FORMAT = dwarf;
				ENABLE_STRICT_OBJC_MSGSEND = YES;
				ENABLE_TESTABILITY = YES;
				ENABLE_USER_SCRIPT_SANDBOXING = YES;
				GCC_C_LANGUAGE_STANDARD = gnu17;
				GCC_DYNAMIC_NO_PIC = NO;
				GCC_NO_COMMON_BLOCKS = YES;
				GCC_OPTIMIZATION_LEVEL = 0;
				GCC_PREPROCESSOR_DEFINITIONS = (
					"DEBUG=1",
					"$(inherited)",
				);
				GCC_WARN_64_TO_32_BIT_CONVERSION = YES;
				GCC_WARN_ABOUT_RETURN_TYPE = YES_ERROR;
				GCC_WARN_UNDECLARED_SELECTOR = YES;
				GCC_WARN_UNINITIALIZED_AUTOS = YES_AGGRESSIVE;
				GCC_WARN_UNUSED_FUNCTION = YES;
				GCC_WARN_UNUSED_VARIABLE = YES;
				LOCALIZATION_PREFERS_STRING_CATALOGS = YES;
				MACOSX_DEPLOYMENT_TARGET = 14.5;
				MTL_ENABLE_DEBUG_INFO = INCLUDE_SOURCE;
				MTL_FAST_MATH = YES;
				ONLY_ACTIVE_ARCH = YES;
				SDKROOT = macosx;
				SWIFT_ACTIVE_COMPILATION_CONDITIONS = "DEBUG $(inherited)";
				SWIFT_OPTIMIZATION_LEVEL = "-Onone";
			};
			name = Debug;
		};
		D6B5B7642C719D2D0076AC10 /* Release */ = {
			isa = XCBuildConfiguration;
			buildSettings = {
				ALWAYS_SEARCH_USER_PATHS = NO;
				ASSETCATALOG_COMPILER_GENERATE_SWIFT_ASSET_SYMBOL_EXTENSIONS = YES;
				CLANG_ANALYZER_NONNULL = YES;
				CLANG_ANALYZER_NUMBER_OBJECT_CONVERSION = YES_AGGRESSIVE;
				CLANG_CXX_LANGUAGE_STANDARD = "gnu++20";
				CLANG_ENABLE_MODULES = YES;
				CLANG_ENABLE_OBJC_ARC = YES;
				CLANG_ENABLE_OBJC_WEAK = YES;
				CLANG_WARN_BLOCK_CAPTURE_AUTORELEASING = YES;
				CLANG_WARN_BOOL_CONVERSION = YES;
				CLANG_WARN_COMMA = YES;
				CLANG_WARN_CONSTANT_CONVERSION = YES;
				CLANG_WARN_DEPRECATED_OBJC_IMPLEMENTATIONS = YES;
				CLANG_WARN_DIRECT_OBJC_ISA_USAGE = YES_ERROR;
				CLANG_WARN_DOCUMENTATION_COMMENTS = YES;
				CLANG_WARN_EMPTY_BODY = YES;
				CLANG_WARN_ENUM_CONVERSION = YES;
				CLANG_WARN_INFINITE_RECURSION = YES;
				CLANG_WARN_INT_CONVERSION = YES;
				CLANG_WARN_NON_LITERAL_NULL_CONVERSION = YES;
				CLANG_WARN_OBJC_IMPLICIT_RETAIN_SELF = YES;
				CLANG_WARN_OBJC_LITERAL_CONVERSION = YES;
				CLANG_WARN_OBJC_ROOT_CLASS = YES_ERROR;
				CLANG_WARN_QUOTED_INCLUDE_IN_FRAMEWORK_HEADER = YES;
				CLANG_WARN_RANGE_LOOP_ANALYSIS = YES;
				CLANG_WARN_STRICT_PROTOTYPES = YES;
				CLANG_WARN_SUSPICIOUS_MOVE = YES;
				CLANG_WARN_UNGUARDED_AVAILABILITY = YES_AGGRESSIVE;
				CLANG_WARN_UNREACHABLE_CODE = YES;
				CLANG_WARN__DUPLICATE_METHOD_MATCH = YES;
				COPY_PHASE_STRIP = NO;
				DEBUG_INFORMATION_FORMAT = "dwarf-with-dsym";
				ENABLE_NS_ASSERTIONS = NO;
				ENABLE_STRICT_OBJC_MSGSEND = YES;
				ENABLE_USER_SCRIPT_SANDBOXING = YES;
				GCC_C_LANGUAGE_STANDARD = gnu17;
				GCC_NO_COMMON_BLOCKS = YES;
				GCC_WARN_64_TO_32_BIT_CONVERSION = YES;
				GCC_WARN_ABOUT_RETURN_TYPE = YES_ERROR;
				GCC_WARN_UNDECLARED_SELECTOR = YES;
				GCC_WARN_UNINITIALIZED_AUTOS = YES_AGGRESSIVE;
				GCC_WARN_UNUSED_FUNCTION = YES;
				GCC_WARN_UNUSED_VARIABLE = YES;
				LOCALIZATION_PREFERS_STRING_CATALOGS = YES;
				MACOSX_DEPLOYMENT_TARGET = 14.5;
				MTL_ENABLE_DEBUG_INFO = NO;
				MTL_FAST_MATH = YES;
				SDKROOT = macosx;
				SWIFT_COMPILATION_MODE = wholemodule;
			};
			name = Release;
		};
		D6B5B7662C719D2D0076AC10 /* Debug */ = {
			isa = XCBuildConfiguration;
			buildSettings = {
				ASSETCATALOG_COMPILER_APPICON_NAME = AppIcon;
				ASSETCATALOG_COMPILER_GLOBAL_ACCENT_COLOR_NAME = AccentColor;
				CODE_SIGN_ENTITLEMENTS = Money/Money.entitlements;
				CODE_SIGN_STYLE = Automatic;
				COMBINE_HIDPI_IMAGES = YES;
				CURRENT_PROJECT_VERSION = 1;
				DEVELOPMENT_ASSET_PATHS = "\"Money/Preview Content\"";
				DEVELOPMENT_TEAM = A5N9M62X64;
				ENABLE_PREVIEWS = YES;
				GENERATE_INFOPLIST_FILE = YES;
				INFOPLIST_KEY_CFBundleDisplayName = "Time Is Money";
				INFOPLIST_KEY_LSApplicationCategoryType = "public.app-category.productivity";
				INFOPLIST_KEY_NSHumanReadableCopyright = "";
				LD_RUNPATH_SEARCH_PATHS = (
					"$(inherited)",
					"@executable_path/../Frameworks",
				);
				MARKETING_VERSION = 1.0;
				PRODUCT_BUNDLE_IDENTIFIER = "sheahwen.time-is-money";
				PRODUCT_NAME = "$(TARGET_NAME)";
				SWIFT_EMIT_LOC_STRINGS = YES;
				SWIFT_VERSION = 5.0;
			};
			name = Debug;
		};
		D6B5B7672C719D2D0076AC10 /* Release */ = {
			isa = XCBuildConfiguration;
			buildSettings = {
				ASSETCATALOG_COMPILER_APPICON_NAME = AppIcon;
				ASSETCATALOG_COMPILER_GLOBAL_ACCENT_COLOR_NAME = AccentColor;
				CODE_SIGN_ENTITLEMENTS = Money/Money.entitlements;
				CODE_SIGN_STYLE = Automatic;
				COMBINE_HIDPI_IMAGES = YES;
				CURRENT_PROJECT_VERSION = 1;
				DEVELOPMENT_ASSET_PATHS = "\"Money/Preview Content\"";
				DEVELOPMENT_TEAM = A5N9M62X64;
				ENABLE_PREVIEWS = YES;
				GENERATE_INFOPLIST_FILE = YES;
				INFOPLIST_KEY_CFBundleDisplayName = "Time Is Money";
				INFOPLIST_KEY_LSApplicationCategoryType = "public.app-category.productivity";
				INFOPLIST_KEY_NSHumanReadableCopyright = "";
				LD_RUNPATH_SEARCH_PATHS = (
					"$(inherited)",
					"@executable_path/../Frameworks",
				);
				MARKETING_VERSION = 1.0;
				PRODUCT_BUNDLE_IDENTIFIER = "sheahwen.time-is-money";
				PRODUCT_NAME = "$(TARGET_NAME)";
				SWIFT_EMIT_LOC_STRINGS = YES;
				SWIFT_VERSION = 5.0;
			};
			name = Release;
		};
		D6B5B7692C719D2D0076AC10 /* Debug */ = {
			isa = XCBuildConfiguration;
			buildSettings = {
				ALWAYS_EMBED_SWIFT_STANDARD_LIBRARIES = YES;
				BUNDLE_LOADER = "$(TEST_HOST)";
				CODE_SIGN_STYLE = Automatic;
				CURRENT_PROJECT_VERSION = 1;
				GENERATE_INFOPLIST_FILE = YES;
				MACOSX_DEPLOYMENT_TARGET = 14.5;
				MARKETING_VERSION = 1.0;
				PRODUCT_BUNDLE_IDENTIFIER = zoey.MoneyTests;
				PRODUCT_NAME = "$(TARGET_NAME)";
				SWIFT_EMIT_LOC_STRINGS = NO;
				SWIFT_VERSION = 5.0;
				TEST_HOST = "$(BUILT_PRODUCTS_DIR)/Money.app/$(BUNDLE_EXECUTABLE_FOLDER_PATH)/Money";
			};
			name = Debug;
		};
		D6B5B76A2C719D2D0076AC10 /* Release */ = {
			isa = XCBuildConfiguration;
			buildSettings = {
				ALWAYS_EMBED_SWIFT_STANDARD_LIBRARIES = YES;
				BUNDLE_LOADER = "$(TEST_HOST)";
				CODE_SIGN_STYLE = Automatic;
				CURRENT_PROJECT_VERSION = 1;
				GENERATE_INFOPLIST_FILE = YES;
				MACOSX_DEPLOYMENT_TARGET = 14.5;
				MARKETING_VERSION = 1.0;
				PRODUCT_BUNDLE_IDENTIFIER = zoey.MoneyTests;
				PRODUCT_NAME = "$(TARGET_NAME)";
				SWIFT_EMIT_LOC_STRINGS = NO;
				SWIFT_VERSION = 5.0;
				TEST_HOST = "$(BUILT_PRODUCTS_DIR)/Money.app/$(BUNDLE_EXECUTABLE_FOLDER_PATH)/Money";
			};
			name = Release;
		};
		D6B5B76C2C719D2D0076AC10 /* Debug */ = {
			isa = XCBuildConfiguration;
			buildSettings = {
				ALWAYS_EMBED_SWIFT_STANDARD_LIBRARIES = YES;
				CODE_SIGN_STYLE = Automatic;
				CURRENT_PROJECT_VERSION = 1;
				GENERATE_INFOPLIST_FILE = YES;
				MARKETING_VERSION = 1.0;
				PRODUCT_BUNDLE_IDENTIFIER = zoey.MoneyUITests;
				PRODUCT_NAME = "$(TARGET_NAME)";
				SWIFT_EMIT_LOC_STRINGS = NO;
				SWIFT_VERSION = 5.0;
				TEST_TARGET_NAME = Money;
			};
			name = Debug;
		};
		D6B5B76D2C719D2D0076AC10 /* Release */ = {
			isa = XCBuildConfiguration;
			buildSettings = {
				ALWAYS_EMBED_SWIFT_STANDARD_LIBRARIES = YES;
				CODE_SIGN_STYLE = Automatic;
				CURRENT_PROJECT_VERSION = 1;
				GENERATE_INFOPLIST_FILE = YES;
				MARKETING_VERSION = 1.0;
				PRODUCT_BUNDLE_IDENTIFIER = zoey.MoneyUITests;
				PRODUCT_NAME = "$(TARGET_NAME)";
				SWIFT_EMIT_LOC_STRINGS = NO;
				SWIFT_VERSION = 5.0;
				TEST_TARGET_NAME = Money;
			};
			name = Release;
		};
/* End XCBuildConfiguration section */

/* Begin XCConfigurationList section */
		D6B5B73B2C719D2C0076AC10 /* Build configuration list for PBXProject "Money" */ = {
			isa = XCConfigurationList;
			buildConfigurations = (
				D6B5B7632C719D2D0076AC10 /* Debug */,
				D6B5B7642C719D2D0076AC10 /* Release */,
			);
			defaultConfigurationIsVisible = 0;
			defaultConfigurationName = Release;
		};
		D6B5B7652C719D2D0076AC10 /* Build configuration list for PBXNativeTarget "Money" */ = {
			isa = XCConfigurationList;
			buildConfigurations = (
				D6B5B7662C719D2D0076AC10 /* Debug */,
				D6B5B7672C719D2D0076AC10 /* Release */,
			);
			defaultConfigurationIsVisible = 0;
			defaultConfigurationName = Release;
		};
		D6B5B7682C719D2D0076AC10 /* Build configuration list for PBXNativeTarget "MoneyTests" */ = {
			isa = XCConfigurationList;
			buildConfigurations = (
				D6B5B7692C719D2D0076AC10 /* Debug */,
				D6B5B76A2C719D2D0076AC10 /* Release */,
			);
			defaultConfigurationIsVisible = 0;
			defaultConfigurationName = Release;
		};
		D6B5B76B2C719D2D0076AC10 /* Build configuration list for PBXNativeTarget "MoneyUITests" */ = {
			isa = XCConfigurationList;
			buildConfigurations = (
				D6B5B76C2C719D2D0076AC10 /* Debug */,
				D6B5B76D2C719D2D0076AC10 /* Release */,
			);
			defaultConfigurationIsVisible = 0;
			defaultConfigurationName = Release;
		};
/* End XCConfigurationList section */
	};
	rootObject = D6B5B7382C719D2C0076AC10 /* Project object */;
}
